
Microsoft Visual Studio Solution File, Format Version 12.00
# Visual Studio Version 17
VisualStudioVersion = 17.0.31903.59
MinimumVisualStudioVersion = 10.0.40219.1
Project("{2150E333-8FDC-42A3-9474-1A3956D46DE8}") = "src", "src", "{827E0CD3-B72D-47B6-A68D-7590B98EB39B}"
EndProject
Project("{FAE04EC0-301F-11D3-BF4B-00C04F79EFBC}") = "R007.Api", "src\R007.Api\R007.Api.csproj", "{F6A584F5-E572-40A4-8152-9EA522DE456E}"
EndProject
Project("{FAE04EC0-301F-11D3-BF4B-00C04F79EFBC}") = "R007.SharedKernel", "src\R007.SharedKernel\R007.SharedKernel.csproj", "{E14C9B1F-9F44-4E04-81F5-3D05613AA172}"
EndProject
Project("{FAE04EC0-301F-11D3-BF4B-00C04F79EFBC}") = "R007.Contracts", "src\R007.Contracts\R007.Contracts.csproj", "{D2B03CA4-EED4-431A-97A6-6178FCEBB133}"
EndProject
Project("{FAE04EC0-301F-11D3-BF4B-00C04F79EFBC}") = "R007.Infrastructure", "src\R007.Infrastructure\R007.Infrastructure.csproj", "{849E3DB3-1675-4EB9-82F1-B01CCA549D8F}"
EndProject
Project("{2150E333-8FDC-42A3-9474-1A3956D46DE8}") = "tests", "tests", "{0AB3BF05-4346-4AA6-1389-037BE0695223}"
EndProject
Project("{FAE04EC0-301F-11D3-BF4B-00C04F79EFBC}") = "R007.UnitTests", "tests\R007.UnitTests\R007.UnitTests.csproj", "{06952A5F-96ED-4A33-9952-681DB35898AD}"
EndProject
Project("{FAE04EC0-301F-11D3-BF4B-00C04F79EFBC}") = "R007.IntegrationTests", "tests\R007.IntegrationTests\R007.IntegrationTests.csproj", "{C8A341AB-4724-4BF4-AE79-0E14E93B75BD}"
EndProject
Global
	GlobalSection(SolutionConfigurationPlatforms) = preSolution
		Debug|Any CPU = Debug|Any CPU
		Debug|x64 = Debug|x64
		Debug|x86 = Debug|x86
		Release|Any CPU = Release|Any CPU
		Release|x64 = Release|x64
		Release|x86 = Release|x86
	EndGlobalSection
	GlobalSection(ProjectConfigurationPlatforms) = postSolution
		{F6A584F5-E572-40A4-8152-9EA522DE456E}.Debug|Any CPU.ActiveCfg = Debug|Any CPU
		{F6A584F5-E572-40A4-8152-9EA522DE456E}.Debug|Any CPU.Build.0 = Debug|Any CPU
		{F6A584F5-E572-40A4-8152-9EA522DE456E}.Debug|x64.ActiveCfg = Debug|Any CPU
		{F6A584F5-E572-40A4-8152-9EA522DE456E}.Debug|x64.Build.0 = Debug|Any CPU
		{F6A584F5-E572-40A4-8152-9EA522DE456E}.Debug|x86.ActiveCfg = Debug|Any CPU
		{F6A584F5-E572-40A4-8152-9EA522DE456E}.Debug|x86.Build.0 = Debug|Any CPU
		{F6A584F5-E572-40A4-8152-9EA522DE456E}.Release|Any CPU.ActiveCfg = Release|Any CPU
		{F6A584F5-E572-40A4-8152-9EA522DE456E}.Release|Any CPU.Build.0 = Release|Any CPU
		{F6A584F5-E572-40A4-8152-9EA522DE456E}.Release|x64.ActiveCfg = Release|Any CPU
		{F6A584F5-E572-40A4-8152-9EA522DE456E}.Release|x64.Build.0 = Release|Any CPU
		{F6A584F5-E572-40A4-8152-9EA522DE456E}.Release|x86.ActiveCfg = Release|Any CPU
		{F6A584F5-E572-40A4-8152-9EA522DE456E}.Release|x86.Build.0 = Release|Any CPU
		{E14C9B1F-9F44-4E04-81F5-3D05613AA172}.Debug|Any CPU.ActiveCfg = Debug|Any CPU
		{E14C9B1F-9F44-4E04-81F5-3D05613AA172}.Debug|Any CPU.Build.0 = Debug|Any CPU
		{E14C9B1F-9F44-4E04-81F5-3D05613AA172}.Debug|x64.ActiveCfg = Debug|Any CPU
		{E14C9B1F-9F44-4E04-81F5-3D05613AA172}.Debug|x64.Build.0 = Debug|Any CPU
		{E14C9B1F-9F44-4E04-81F5-3D05613AA172}.Debug|x86.ActiveCfg = Debug|Any CPU
		{E14C9B1F-9F44-4E04-81F5-3D05613AA172}.Debug|x86.Build.0 = Debug|Any CPU
		{E14C9B1F-9F44-4E04-81F5-3D05613AA172}.Release|Any CPU.ActiveCfg = Release|Any CPU
		{E14C9B1F-9F44-4E04-81F5-3D05613AA172}.Release|Any CPU.Build.0 = Release|Any CPU
		{E14C9B1F-9F44-4E04-81F5-3D05613AA172}.Release|x64.ActiveCfg = Release|Any CPU
		{E14C9B1F-9F44-4E04-81F5-3D05613AA172}.Release|x64.Build.0 = Release|Any CPU
		{E14C9B1F-9F44-4E04-81F5-3D05613AA172}.Release|x86.ActiveCfg = Release|Any CPU
		{E14C9B1F-9F44-4E04-81F5-3D05613AA172}.Release|x86.Build.0 = Release|Any CPU
		{D2B03CA4-EED4-431A-97A6-6178FCEBB133}.Debug|Any CPU.ActiveCfg = Debug|Any CPU
		{D2B03CA4-EED4-431A-97A6-6178FCEBB133}.Debug|Any CPU.Build.0 = Debug|Any CPU
		{D2B03CA4-EED4-431A-97A6-6178FCEBB133}.Debug|x64.ActiveCfg = Debug|Any CPU
		{D2B03CA4-EED4-431A-97A6-6178FCEBB133}.Debug|x64.Build.0 = Debug|Any CPU
		{D2B03CA4-EED4-431A-97A6-6178FCEBB133}.Debug|x86.ActiveCfg = Debug|Any CPU
		{D2B03CA4-EED4-431A-97A6-6178FCEBB133}.Debug|x86.Build.0 = Debug|Any CPU
		{D2B03CA4-EED4-431A-97A6-6178FCEBB133}.Release|Any CPU.ActiveCfg = Release|Any CPU
		{D2B03CA4-EED4-431A-97A6-6178FCEBB133}.Release|Any CPU.Build.0 = Release|Any CPU
		{D2B03CA4-EED4-431A-97A6-6178FCEBB133}.Release|x64.ActiveCfg = Release|Any CPU
		{D2B03CA4-EED4-431A-97A6-6178FCEBB133}.Release|x64.Build.0 = Release|Any CPU
		{D2B03CA4-EED4-431A-97A6-6178FCEBB133}.Release|x86.ActiveCfg = Release|Any CPU
		{D2B03CA4-EED4-431A-97A6-6178FCEBB133}.Release|x86.Build.0 = Release|Any CPU
		{849E3DB3-1675-4EB9-82F1-B01CCA549D8F}.Debug|Any CPU.ActiveCfg = Debug|Any CPU
		{849E3DB3-1675-4EB9-82F1-B01CCA549D8F}.Debug|Any CPU.Build.0 = Debug|Any CPU
		{849E3DB3-1675-4EB9-82F1-B01CCA549D8F}.Debug|x64.ActiveCfg = Debug|Any CPU
		{849E3DB3-1675-4EB9-82F1-B01CCA549D8F}.Debug|x64.Build.0 = Debug|Any CPU
		{849E3DB3-1675-4EB9-82F1-B01CCA549D8F}.Debug|x86.ActiveCfg = Debug|Any CPU
		{849E3DB3-1675-4EB9-82F1-B01CCA549D8F}.Debug|x86.Build.0 = Debug|Any CPU
		{849E3DB3-1675-4EB9-82F1-B01CCA549D8F}.Release|Any CPU.ActiveCfg = Release|Any CPU
		{849E3DB3-1675-4EB9-82F1-B01CCA549D8F}.Release|Any CPU.Build.0 = Release|Any CPU
		{849E3DB3-1675-4EB9-82F1-B01CCA549D8F}.Release|x64.ActiveCfg = Release|Any CPU
		{849E3DB3-1675-4EB9-82F1-B01CCA549D8F}.Release|x64.Build.0 = Release|Any CPU
		{849E3DB3-1675-4EB9-82F1-B01CCA549D8F}.Release|x86.ActiveCfg = Release|Any CPU
		{849E3DB3-1675-4EB9-82F1-B01CCA549D8F}.Release|x86.Build.0 = Release|Any CPU
		{06952A5F-96ED-4A33-9952-681DB35898AD}.Debug|Any CPU.ActiveCfg = Debug|Any CPU
		{06952A5F-96ED-4A33-9952-681DB35898AD}.Debug|Any CPU.Build.0 = Debug|Any CPU
		{06952A5F-96ED-4A33-9952-681DB35898AD}.Debug|x64.ActiveCfg = Debug|Any CPU
		{06952A5F-96ED-4A33-9952-681DB35898AD}.Debug|x64.Build.0 = Debug|Any CPU
		{06952A5F-96ED-4A33-9952-681DB35898AD}.Debug|x86.ActiveCfg = Debug|Any CPU
		{06952A5F-96ED-4A33-9952-681DB35898AD}.Debug|x86.Build.0 = Debug|Any CPU
		{06952A5F-96ED-4A33-9952-681DB35898AD}.Release|Any CPU.ActiveCfg = Release|Any CPU
		{06952A5F-96ED-4A33-9952-681DB35898AD}.Release|Any CPU.Build.0 = Release|Any CPU
		{06952A5F-96ED-4A33-9952-681DB35898AD}.Release|x64.ActiveCfg = Release|Any CPU
		{06952A5F-96ED-4A33-9952-681DB35898AD}.Release|x64.Build.0 = Release|Any CPU
		{06952A5F-96ED-4A33-9952-681DB35898AD}.Release|x86.ActiveCfg = Release|Any CPU
		{06952A5F-96ED-4A33-9952-681DB35898AD}.Release|x86.Build.0 = Release|Any CPU
		{C8A341AB-4724-4BF4-AE79-0E14E93B75BD}.Debug|Any CPU.ActiveCfg = Debug|Any CPU
		{C8A341AB-4724-4BF4-AE79-0E14E93B75BD}.Debug|Any CPU.Build.0 = Debug|Any CPU
		{C8A341AB-4724-4BF4-AE79-0E14E93B75BD}.Debug|x64.ActiveCfg = Debug|Any CPU
		{C8A341AB-4724-4BF4-AE79-0E14E93B75BD}.Debug|x64.Build.0 = Debug|Any CPU
		{C8A341AB-4724-4BF4-AE79-0E14E93B75BD}.Debug|x86.ActiveCfg = Debug|Any CPU
		{C8A341AB-4724-4BF4-AE79-0E14E93B75BD}.Debug|x86.Build.0 = Debug|Any CPU
		{C8A341AB-4724-4BF4-AE79-0E14E93B75BD}.Release|Any CPU.ActiveCfg = Release|Any CPU
		{C8A341AB-4724-4BF4-AE79-0E14E93B75BD}.Release|Any CPU.Build.0 = Release|Any CPU
		{C8A341AB-4724-4BF4-AE79-0E14E93B75BD}.Release|x64.ActiveCfg = Release|Any CPU
		{C8A341AB-4724-4BF4-AE79-0E14E93B75BD}.Release|x64.Build.0 = Release|Any CPU
		{C8A341AB-4724-4BF4-AE79-0E14E93B75BD}.Release|x86.ActiveCfg = Release|Any CPU
		{C8A341AB-4724-4BF4-AE79-0E14E93B75BD}.Release|x86.Build.0 = Release|Any CPU
	EndGlobalSection
	GlobalSection(SolutionProperties) = preSolution
		HideSolutionNode = FALSE
	EndGlobalSection
	GlobalSection(NestedProjects) = preSolution
		{F6A584F5-E572-40A4-8152-9EA522DE456E} = {827E0CD3-B72D-47B6-A68D-7590B98EB39B}
		{E14C9B1F-9F44-4E04-81F5-3D05613AA172} = {827E0CD3-B72D-47B6-A68D-7590B98EB39B}
		{D2B03CA4-EED4-431A-97A6-6178FCEBB133} = {827E0CD3-B72D-47B6-A68D-7590B98EB39B}
		{849E3DB3-1675-4EB9-82F1-B01CCA549D8F} = {827E0CD3-B72D-47B6-A68D-7590B98EB39B}
		{06952A5F-96ED-4A33-9952-681DB35898AD} = {0AB3BF05-4346-4AA6-1389-037BE0695223}
		{C8A341AB-4724-4BF4-AE79-0E14E93B75BD} = {0AB3BF05-4346-4AA6-1389-037BE0695223}
	EndGlobalSection
EndGlobal
